
Microsoft Visual Studio Solution File, Format Version 12.00
# Visual Studio 2013
VisualStudioVersion = 12.0.21005.1
MinimumVisualStudioVersion = 10.0.40219.1
Project("{FAE04EC0-301F-11D3-BF4B-00C04F79EFBC}") = "MyWebApi", "MyWebApi\MyWebApi.csproj", "{43421A78-3AF1-4430-8973-6E6AA79EC76A}"
EndProject
Project("{FAE04EC0-301F-11D3-BF4B-00C04F79EFBC}") = "DatabaseLayer", "DatabaseLayer\DatabaseLayer.csproj", "{93908736-4698-4912-A128-4123F5626FE4}"
EndProject
Project("{FAE04EC0-301F-11D3-BF4B-00C04F79EFBC}") = "BusinessLayer", "BusinessLayer\BusinessLayer.csproj", "{C3338E17-48DB-4055-B4EB-B1EF3444A957}"
EndProject
Project("{FAE04EC0-301F-11D3-BF4B-00C04F79EFBC}") = "Models", "Models\Models.csproj", "{654CA415-5EDF-4E3B-8441-05A6F3DA337A}"
EndProject
Global
	GlobalSection(SolutionConfigurationPlatforms) = preSolution
		Debug|Any CPU = Debug|Any CPU
		Release|Any CPU = Release|Any CPU
	EndGlobalSection
	GlobalSection(ProjectConfigurationPlatforms) = postSolution
		{43421A78-3AF1-4430-8973-6E6AA79EC76A}.Debug|Any CPU.ActiveCfg = Debug|Any CPU
		{43421A78-3AF1-4430-8973-6E6AA79EC76A}.Debug|Any CPU.Build.0 = Debug|Any CPU
		{43421A78-3AF1-4430-8973-6E6AA79EC76A}.Release|Any CPU.ActiveCfg = Release|Any CPU
		{43421A78-3AF1-4430-8973-6E6AA79EC76A}.Release|Any CPU.Build.0 = Release|Any CPU
		{93908736-4698-4912-A128-4123F5626FE4}.Debug|Any CPU.ActiveCfg = Debug|Any CPU
		{93908736-4698-4912-A128-4123F5626FE4}.Debug|Any CPU.Build.0 = Debug|Any CPU
		{93908736-4698-4912-A128-4123F5626FE4}.Release|Any CPU.ActiveCfg = Release|Any CPU
		{93908736-4698-4912-A128-4123F5626FE4}.Release|Any CPU.Build.0 = Release|Any CPU
		{C3338E17-48DB-4055-B4EB-B1EF3444A957}.Debug|Any CPU.ActiveCfg = Debug|Any CPU
		{C3338E17-48DB-4055-B4EB-B1EF3444A957}.Debug|Any CPU.Build.0 = Debug|Any CPU
		{C3338E17-48DB-4055-B4EB-B1EF3444A957}.Release|Any CPU.ActiveCfg = Release|Any CPU
		{C3338E17-48DB-4055-B4EB-B1EF3444A957}.Release|Any CPU.Build.0 = Release|Any CPU
		{654CA415-5EDF-4E3B-8441-05A6F3DA337A}.Debug|Any CPU.ActiveCfg = Debug|Any CPU
		{654CA415-5EDF-4E3B-8441-05A6F3DA337A}.Debug|Any CPU.Build.0 = Debug|Any CPU
		{654CA415-5EDF-4E3B-8441-05A6F3DA337A}.Release|Any CPU.ActiveCfg = Release|Any CPU
		{654CA415-5EDF-4E3B-8441-05A6F3DA337A}.Release|Any CPU.Build.0 = Release|Any CPU
	EndGlobalSection
	GlobalSection(SolutionProperties) = preSolution
		HideSolutionNode = FALSE
	EndGlobalSection
EndGlobal
