
Microsoft Visual Studio Solution File, Format Version 12.00
# Visual Studio 2013
VisualStudioVersion = 12.0.21005.1
MinimumVisualStudioVersion = 10.0.40219.1
Project("{FAE04EC0-301F-11D3-BF4B-00C04F79EFBC}") = "MyWebApiMVC", "MyWebApiMVC\MyWebApiMVC.csproj", "{6E25DEE8-5AF0-4077-96B6-C6EA1405430A}"
EndProject
Project("{FAE04EC0-301F-11D3-BF4B-00C04F79EFBC}") = "BusinessLayer", "BusinessLayer\BusinessLayer.csproj", "{9E95D5F4-7009-4B35-BC04-87C3EBD7BEFF}"
EndProject
Project("{FAE04EC0-301F-11D3-BF4B-00C04F79EFBC}") = "DatabaseLayer", "DatabaseLayer\DatabaseLayer.csproj", "{9BE5CB1C-BD79-430B-9634-D4754F030236}"
EndProject
Project("{FAE04EC0-301F-11D3-BF4B-00C04F79EFBC}") = "Models", "Models\Models.csproj", "{947C1B6B-C606-4861-BDF7-ACBC945F042E}"
EndProject
Global
	GlobalSection(SolutionConfigurationPlatforms) = preSolution
		Debug|Any CPU = Debug|Any CPU
		Release|Any CPU = Release|Any CPU
	EndGlobalSection
	GlobalSection(ProjectConfigurationPlatforms) = postSolution
		{6E25DEE8-5AF0-4077-96B6-C6EA1405430A}.Debug|Any CPU.ActiveCfg = Debug|Any CPU
		{6E25DEE8-5AF0-4077-96B6-C6EA1405430A}.Debug|Any CPU.Build.0 = Debug|Any CPU
		{6E25DEE8-5AF0-4077-96B6-C6EA1405430A}.Release|Any CPU.ActiveCfg = Release|Any CPU
		{6E25DEE8-5AF0-4077-96B6-C6EA1405430A}.Release|Any CPU.Build.0 = Release|Any CPU
		{9E95D5F4-7009-4B35-BC04-87C3EBD7BEFF}.Debug|Any CPU.ActiveCfg = Debug|Any CPU
		{9E95D5F4-7009-4B35-BC04-87C3EBD7BEFF}.Debug|Any CPU.Build.0 = Debug|Any CPU
		{9E95D5F4-7009-4B35-BC04-87C3EBD7BEFF}.Release|Any CPU.ActiveCfg = Release|Any CPU
		{9E95D5F4-7009-4B35-BC04-87C3EBD7BEFF}.Release|Any CPU.Build.0 = Release|Any CPU
		{9BE5CB1C-BD79-430B-9634-D4754F030236}.Debug|Any CPU.ActiveCfg = Debug|Any CPU
		{9BE5CB1C-BD79-430B-9634-D4754F030236}.Debug|Any CPU.Build.0 = Debug|Any CPU
		{9BE5CB1C-BD79-430B-9634-D4754F030236}.Release|Any CPU.ActiveCfg = Release|Any CPU
		{9BE5CB1C-BD79-430B-9634-D4754F030236}.Release|Any CPU.Build.0 = Release|Any CPU
		{947C1B6B-C606-4861-BDF7-ACBC945F042E}.Debug|Any CPU.ActiveCfg = Debug|Any CPU
		{947C1B6B-C606-4861-BDF7-ACBC945F042E}.Debug|Any CPU.Build.0 = Debug|Any CPU
		{947C1B6B-C606-4861-BDF7-ACBC945F042E}.Release|Any CPU.ActiveCfg = Release|Any CPU
		{947C1B6B-C606-4861-BDF7-ACBC945F042E}.Release|Any CPU.Build.0 = Release|Any CPU
	EndGlobalSection
	GlobalSection(SolutionProperties) = preSolution
		HideSolutionNode = FALSE
	EndGlobalSection
EndGlobal
